
Microsoft Visual Studio Solution File, Format Version 12.00
# Visual Studio Version 16
VisualStudioVersion = 16.0.29519.87
MinimumVisualStudioVersion = 10.0.40219.1
Project("{FAE04EC0-301F-11D3-BF4B-00C04F79EFBC}") = "MyChat", "MyChat.csproj", "{05086477-2AC4-442E-82EE-02B00779042C}"
EndProject
Global
	GlobalSection(SolutionConfigurationPlatforms) = preSolution
		Debug|Any CPU = Debug|Any CPU
		Release|Any CPU = Release|Any CPU
	EndGlobalSection
	GlobalSection(ProjectConfigurationPlatforms) = postSolution
		{05086477-2AC4-442E-82EE-02B00779042C}.Debug|Any CPU.ActiveCfg = Debug|Any CPU
		{05086477-2AC4-442E-82EE-02B00779042C}.Debug|Any CPU.Build.0 = Debug|Any CPU
		{05086477-2AC4-442E-82EE-02B00779042C}.Release|Any CPU.ActiveCfg = Release|Any CPU
		{05086477-2AC4-442E-82EE-02B00779042C}.Release|Any CPU.Build.0 = Release|Any CPU
	EndGlobalSection
	GlobalSection(SolutionProperties) = preSolution
		HideSolutionNode = FALSE
	EndGlobalSection
	GlobalSection(ExtensibilityGlobals) = postSolution
		SolutionGuid = {43BD48F2-6DBD-430B-B718-826477E5A8D6}
	EndGlobalSection
EndGlobal
